
Microsoft Visual Studio Solution File, Format Version 12.00
# Visual Studio Version 17
VisualStudioVersion = 17.5.33516.290
MinimumVisualStudioVersion = 10.0.40219.1
Project("{FAE04EC0-301F-11D3-BF4B-00C04F79EFBC}") = "kursova", "kursova.csproj", "{E4BD0F2A-2265-4DAA-8E5D-A15C8024B260}"
EndProject
Project("{FAE04EC0-301F-11D3-BF4B-00C04F79EFBC}") = "MatrixOperationsDLL", "..\MatrixOperationsDLL\MatrixOperationsDLL.csproj", "{65B525EE-7BFD-4153-B75B-C1E3B4EFF07C}"
EndProject
Global
	GlobalSection(SolutionConfigurationPlatforms) = preSolution
		Debug|Any CPU = Debug|Any CPU
		Release|Any CPU = Release|Any CPU
	EndGlobalSection
	GlobalSection(ProjectConfigurationPlatforms) = postSolution
		{E4BD0F2A-2265-4DAA-8E5D-A15C8024B260}.Debug|Any CPU.ActiveCfg = Debug|Any CPU
		{E4BD0F2A-2265-4DAA-8E5D-A15C8024B260}.Debug|Any CPU.Build.0 = Debug|Any CPU
		{E4BD0F2A-2265-4DAA-8E5D-A15C8024B260}.Release|Any CPU.ActiveCfg = Release|Any CPU
		{E4BD0F2A-2265-4DAA-8E5D-A15C8024B260}.Release|Any CPU.Build.0 = Release|Any CPU
		{65B525EE-7BFD-4153-B75B-C1E3B4EFF07C}.Debug|Any CPU.ActiveCfg = Debug|Any CPU
		{65B525EE-7BFD-4153-B75B-C1E3B4EFF07C}.Debug|Any CPU.Build.0 = Debug|Any CPU
		{65B525EE-7BFD-4153-B75B-C1E3B4EFF07C}.Release|Any CPU.ActiveCfg = Release|Any CPU
		{65B525EE-7BFD-4153-B75B-C1E3B4EFF07C}.Release|Any CPU.Build.0 = Release|Any CPU
	EndGlobalSection
	GlobalSection(SolutionProperties) = preSolution
		HideSolutionNode = FALSE
	EndGlobalSection
	GlobalSection(ExtensibilityGlobals) = postSolution
		SolutionGuid = {0E424E8F-39F2-43C0-BBC7-4A4B68536D93}
	EndGlobalSection
EndGlobal
